
Microsoft Visual Studio Solution File, Format Version 12.00
# Visual Studio Version 17
VisualStudioVersion = 17.9.34616.47
MinimumVisualStudioVersion = 10.0.40219.1
Project("{FAE04EC0-301F-11D3-BF4B-00C04F79EFBC}") = "Todo", "Todo\Todo.csproj", "{D8A9AB36-0239-4B5E-8741-9D0F16A26B93}"
EndProject
Global
	GlobalSection(SolutionConfigurationPlatforms) = preSolution
		Debug|Any CPU = Debug|Any CPU
		Release|Any CPU = Release|Any CPU
	EndGlobalSection
	GlobalSection(ProjectConfigurationPlatforms) = postSolution
		{D8A9AB36-0239-4B5E-8741-9D0F16A26B93}.Debug|Any CPU.ActiveCfg = Debug|Any CPU
		{D8A9AB36-0239-4B5E-8741-9D0F16A26B93}.Debug|Any CPU.Build.0 = Debug|Any CPU
		{D8A9AB36-0239-4B5E-8741-9D0F16A26B93}.Release|Any CPU.ActiveCfg = Release|Any CPU
		{D8A9AB36-0239-4B5E-8741-9D0F16A26B93}.Release|Any CPU.Build.0 = Release|Any CPU
	EndGlobalSection
	GlobalSection(SolutionProperties) = preSolution
		HideSolutionNode = FALSE
	EndGlobalSection
	GlobalSection(ExtensibilityGlobals) = postSolution
		SolutionGuid = {01AD6D23-2A00-45C7-893D-FE043DCF2DBB}
	EndGlobalSection
EndGlobal
